// !$*UTF8*$!
{
	archiveVersion = 1;
	classes = {
	};
	objectVersion = 51;
	objects = {

/* Begin PBXBuildFile section */
		33AEE3509C4C10CA26F8A791 /* Pods_Zomato.framework in Frameworks */ = {isa = PBXBuildFile; fileRef = A2D3BA63F622666D8E75024F /* Pods_Zomato.framework */; };
		ED02816B240E6793009A3985 /* UserOrder.swift in Sources */ = {isa = PBXBuildFile; fileRef = ED02816A240E6793009A3985 /* UserOrder.swift */; };
		ED0C90CA23FBD0E9000FD8E8 /* AppDelegate.swift in Sources */ = {isa = PBXBuildFile; fileRef = ED0C90C923FBD0E9000FD8E8 /* AppDelegate.swift */; };
		ED0C90CC23FBD0E9000FD8E8 /* SceneDelegate.swift in Sources */ = {isa = PBXBuildFile; fileRef = ED0C90CB23FBD0E9000FD8E8 /* SceneDelegate.swift */; };
		ED0C90CE23FBD0E9000FD8E8 /* ViewController.swift in Sources */ = {isa = PBXBuildFile; fileRef = ED0C90CD23FBD0E9000FD8E8 /* ViewController.swift */; };
		ED0C90D123FBD0E9000FD8E8 /* Main.storyboard in Resources */ = {isa = PBXBuildFile; fileRef = ED0C90CF23FBD0E9000FD8E8 /* Main.storyboard */; };
		ED0C90D323FBD0EB000FD8E8 /* Assets.xcassets in Resources */ = {isa = PBXBuildFile; fileRef = ED0C90D223FBD0EB000FD8E8 /* Assets.xcassets */; };
		ED0C90D623FBD0EB000FD8E8 /* LaunchScreen.storyboard in Resources */ = {isa = PBXBuildFile; fileRef = ED0C90D423FBD0EB000FD8E8 /* LaunchScreen.storyboard */; };
		ED0FD863240D0D8A00240BC6 /* OrderTableViewCell.swift in Sources */ = {isa = PBXBuildFile; fileRef = ED0FD861240D0D8A00240BC6 /* OrderTableViewCell.swift */; };
		ED0FD864240D0D8A00240BC6 /* OrderTableViewCell.xib in Resources */ = {isa = PBXBuildFile; fileRef = ED0FD862240D0D8A00240BC6 /* OrderTableViewCell.xib */; };
		ED0FD866240D10AA00240BC6 /* OrderViewController.swift in Sources */ = {isa = PBXBuildFile; fileRef = ED0FD865240D10AA00240BC6 /* OrderViewController.swift */; };
		ED0FD86C240D2C4B00240BC6 /* SSRadioButton.swift in Sources */ = {isa = PBXBuildFile; fileRef = ED0FD86A240D2C4B00240BC6 /* SSRadioButton.swift */; };
		ED0FD86D240D2C4B00240BC6 /* SSRadioButtonsController.swift in Sources */ = {isa = PBXBuildFile; fileRef = ED0FD86B240D2C4B00240BC6 /* SSRadioButtonsController.swift */; };
		ED2B1AE623FFBCE700F766CD /* RestaurentDetailViewController.swift in Sources */ = {isa = PBXBuildFile; fileRef = ED2B1AE523FFBCE700F766CD /* RestaurentDetailViewController.swift */; };
		ED3A5ABD23FFE4CB0038C882 /* RestaurentMenuTableViewCell.swift in Sources */ = {isa = PBXBuildFile; fileRef = ED3A5ABB23FFE4CB0038C882 /* RestaurentMenuTableViewCell.swift */; };
		ED3A5ABE23FFE4CB0038C882 /* RestaurentMenuTableViewCell.xib in Resources */ = {isa = PBXBuildFile; fileRef = ED3A5ABC23FFE4CB0038C882 /* RestaurentMenuTableViewCell.xib */; };
		ED3A5AC023FFE4E70038C882 /* RestaurentMenuModel.swift in Sources */ = {isa = PBXBuildFile; fileRef = ED3A5ABF23FFE4E70038C882 /* RestaurentMenuModel.swift */; };
		ED3A5AC223FFFFD00038C882 /* RestaurentDetailTableViewController.swift in Sources */ = {isa = PBXBuildFile; fileRef = ED3A5AC123FFFFD00038C882 /* RestaurentDetailTableViewController.swift */; };
		ED456DAE240791C9006443EE /* Cart.swift in Sources */ = {isa = PBXBuildFile; fileRef = ED456DAD240791C9006443EE /* Cart.swift */; };
		ED456DB12407B1DE006443EE /* Color.swift in Sources */ = {isa = PBXBuildFile; fileRef = ED456DB02407B1DE006443EE /* Color.swift */; };
		ED64929E2404EA500061F058 /* ForgotPasswordViewController.swift in Sources */ = {isa = PBXBuildFile; fileRef = ED64929D2404EA500061F058 /* ForgotPasswordViewController.swift */; };
		ED6C5ADB23FD4D1200B9BB47 /* SegmentViewController.swift in Sources */ = {isa = PBXBuildFile; fileRef = ED6C5ADA23FD4D1200B9BB47 /* SegmentViewController.swift */; };
		ED6E20E223FE547D00CCC881 /* RegisterViewController.swift in Sources */ = {isa = PBXBuildFile; fileRef = ED6E20E123FE547D00CCC881 /* RegisterViewController.swift */; };
		ED6E20E423FE63CB00CCC881 /* Validation.swift in Sources */ = {isa = PBXBuildFile; fileRef = ED6E20E323FE63CB00CCC881 /* Validation.swift */; };
		ED6E20E823FEAF0000CCC881 /* RestaurantViewController.swift in Sources */ = {isa = PBXBuildFile; fileRef = ED6E20E723FEAF0000CCC881 /* RestaurantViewController.swift */; };
		ED6E20EB23FEB0A000CCC881 /* RestaurantTableViewCell.swift in Sources */ = {isa = PBXBuildFile; fileRef = ED6E20E923FEB0A000CCC881 /* RestaurantTableViewCell.swift */; };
		ED6E20EC23FEB0A000CCC881 /* RestaurantTableViewCell.xib in Resources */ = {isa = PBXBuildFile; fileRef = ED6E20EA23FEB0A000CCC881 /* RestaurantTableViewCell.xib */; };
		ED6E20EE23FEB91D00CCC881 /* RestaurentModel.swift in Sources */ = {isa = PBXBuildFile; fileRef = ED6E20ED23FEB91D00CCC881 /* RestaurentModel.swift */; };
		ED75AA09240D313B00EC580A /* PlaceOrderDetailsViewController.swift in Sources */ = {isa = PBXBuildFile; fileRef = ED75AA08240D313B00EC580A /* PlaceOrderDetailsViewController.swift */; };
		ED75BB32240927E70095A0B9 /* AddToCartDetailsTableViewCell.swift in Sources */ = {isa = PBXBuildFile; fileRef = ED75BB30240927E70095A0B9 /* AddToCartDetailsTableViewCell.swift */; };
		ED75BB33240927E70095A0B9 /* AddToCartDetailsTableViewCell.xib in Resources */ = {isa = PBXBuildFile; fileRef = ED75BB31240927E70095A0B9 /* AddToCartDetailsTableViewCell.xib */; };
		ED99E4FF2403ADFE00123072 /* ProfileViewController.swift in Sources */ = {isa = PBXBuildFile; fileRef = ED99E4FE2403ADFE00123072 /* ProfileViewController.swift */; };
		ED99E5032403DD8D00123072 /* Order.swift in Sources */ = {isa = PBXBuildFile; fileRef = ED99E5022403DD8D00123072 /* Order.swift */; };
/* End PBXBuildFile section */

/* Begin PBXFileReference section */
		02A3EBAA60FEED91BB05D379 /* Pods-Zomato.release.xcconfig */ = {isa = PBXFileReference; includeInIndex = 1; lastKnownFileType = text.xcconfig; name = "Pods-Zomato.release.xcconfig"; path = "Target Support Files/Pods-Zomato/Pods-Zomato.release.xcconfig"; sourceTree = "<group>"; };
		7006276492931A96EE857C42 /* Pods-Zomato.debug.xcconfig */ = {isa = PBXFileReference; includeInIndex = 1; lastKnownFileType = text.xcconfig; name = "Pods-Zomato.debug.xcconfig"; path = "Target Support Files/Pods-Zomato/Pods-Zomato.debug.xcconfig"; sourceTree = "<group>"; };
		A2D3BA63F622666D8E75024F /* Pods_Zomato.framework */ = {isa = PBXFileReference; explicitFileType = wrapper.framework; includeInIndex = 0; path = Pods_Zomato.framework; sourceTree = BUILT_PRODUCTS_DIR; };
		ED02816A240E6793009A3985 /* UserOrder.swift */ = {isa = PBXFileReference; lastKnownFileType = sourcecode.swift; path = UserOrder.swift; sourceTree = "<group>"; };
		ED0C90C623FBD0E9000FD8E8 /* Zomato.app */ = {isa = PBXFileReference; explicitFileType = wrapper.application; includeInIndex = 0; path = Zomato.app; sourceTree = BUILT_PRODUCTS_DIR; };
		ED0C90C923FBD0E9000FD8E8 /* AppDelegate.swift */ = {isa = PBXFileReference; lastKnownFileType = sourcecode.swift; path = AppDelegate.swift; sourceTree = "<group>"; };
		ED0C90CB23FBD0E9000FD8E8 /* SceneDelegate.swift */ = {isa = PBXFileReference; lastKnownFileType = sourcecode.swift; path = SceneDelegate.swift; sourceTree = "<group>"; };
		ED0C90CD23FBD0E9000FD8E8 /* ViewController.swift */ = {isa = PBXFileReference; lastKnownFileType = sourcecode.swift; path = ViewController.swift; sourceTree = "<group>"; };
		ED0C90D023FBD0E9000FD8E8 /* Base */ = {isa = PBXFileReference; lastKnownFileType = file.storyboard; name = Base; path = Base.lproj/Main.storyboard; sourceTree = "<group>"; };
		ED0C90D223FBD0EB000FD8E8 /* Assets.xcassets */ = {isa = PBXFileReference; lastKnownFileType = folder.assetcatalog; path = Assets.xcassets; sourceTree = "<group>"; };
		ED0C90D523FBD0EB000FD8E8 /* Base */ = {isa = PBXFileReference; lastKnownFileType = file.storyboard; name = Base; path = Base.lproj/LaunchScreen.storyboard; sourceTree = "<group>"; };
		ED0C90D723FBD0EB000FD8E8 /* Info.plist */ = {isa = PBXFileReference; lastKnownFileType = text.plist.xml; path = Info.plist; sourceTree = "<group>"; };
		ED0FD861240D0D8A00240BC6 /* OrderTableViewCell.swift */ = {isa = PBXFileReference; lastKnownFileType = sourcecode.swift; path = OrderTableViewCell.swift; sourceTree = "<group>"; };
		ED0FD862240D0D8A00240BC6 /* OrderTableViewCell.xib */ = {isa = PBXFileReference; lastKnownFileType = file.xib; path = OrderTableViewCell.xib; sourceTree = "<group>"; };
		ED0FD865240D10AA00240BC6 /* OrderViewController.swift */ = {isa = PBXFileReference; lastKnownFileType = sourcecode.swift; path = OrderViewController.swift; sourceTree = "<group>"; };
		ED0FD86A240D2C4B00240BC6 /* SSRadioButton.swift */ = {isa = PBXFileReference; fileEncoding = 4; lastKnownFileType = sourcecode.swift; path = SSRadioButton.swift; sourceTree = "<group>"; };
		ED0FD86B240D2C4B00240BC6 /* SSRadioButtonsController.swift */ = {isa = PBXFileReference; fileEncoding = 4; lastKnownFileType = sourcecode.swift; path = SSRadioButtonsController.swift; sourceTree = "<group>"; };
		ED2B1AE523FFBCE700F766CD /* RestaurentDetailViewController.swift */ = {isa = PBXFileReference; lastKnownFileType = sourcecode.swift; path = RestaurentDetailViewController.swift; sourceTree = "<group>"; };
		ED3A5ABB23FFE4CB0038C882 /* RestaurentMenuTableViewCell.swift */ = {isa = PBXFileReference; lastKnownFileType = sourcecode.swift; path = RestaurentMenuTableViewCell.swift; sourceTree = "<group>"; };
		ED3A5ABC23FFE4CB0038C882 /* RestaurentMenuTableViewCell.xib */ = {isa = PBXFileReference; lastKnownFileType = file.xib; path = RestaurentMenuTableViewCell.xib; sourceTree = "<group>"; };
		ED3A5ABF23FFE4E70038C882 /* RestaurentMenuModel.swift */ = {isa = PBXFileReference; lastKnownFileType = sourcecode.swift; path = RestaurentMenuModel.swift; sourceTree = "<group>"; };
		ED3A5AC123FFFFD00038C882 /* RestaurentDetailTableViewController.swift */ = {isa = PBXFileReference; lastKnownFileType = sourcecode.swift; path = RestaurentDetailTableViewController.swift; sourceTree = "<group>"; };
		ED456DAD240791C9006443EE /* Cart.swift */ = {isa = PBXFileReference; lastKnownFileType = sourcecode.swift; path = Cart.swift; sourceTree = "<group>"; };
		ED456DB02407B1DE006443EE /* Color.swift */ = {isa = PBXFileReference; lastKnownFileType = sourcecode.swift; path = Color.swift; sourceTree = "<group>"; };
		ED64929D2404EA500061F058 /* ForgotPasswordViewController.swift */ = {isa = PBXFileReference; lastKnownFileType = sourcecode.swift; path = ForgotPasswordViewController.swift; sourceTree = "<group>"; };
		ED6C5ADA23FD4D1200B9BB47 /* SegmentViewController.swift */ = {isa = PBXFileReference; lastKnownFileType = sourcecode.swift; path = SegmentViewController.swift; sourceTree = "<group>"; };
		ED6E20E123FE547D00CCC881 /* RegisterViewController.swift */ = {isa = PBXFileReference; lastKnownFileType = sourcecode.swift; path = RegisterViewController.swift; sourceTree = "<group>"; };
		ED6E20E323FE63CB00CCC881 /* Validation.swift */ = {isa = PBXFileReference; lastKnownFileType = sourcecode.swift; path = Validation.swift; sourceTree = "<group>"; };
		ED6E20E723FEAF0000CCC881 /* RestaurantViewController.swift */ = {isa = PBXFileReference; lastKnownFileType = sourcecode.swift; path = RestaurantViewController.swift; sourceTree = "<group>"; };
		ED6E20E923FEB0A000CCC881 /* RestaurantTableViewCell.swift */ = {isa = PBXFileReference; lastKnownFileType = sourcecode.swift; path = RestaurantTableViewCell.swift; sourceTree = "<group>"; };
		ED6E20EA23FEB0A000CCC881 /* RestaurantTableViewCell.xib */ = {isa = PBXFileReference; lastKnownFileType = file.xib; path = RestaurantTableViewCell.xib; sourceTree = "<group>"; };
		ED6E20ED23FEB91D00CCC881 /* RestaurentModel.swift */ = {isa = PBXFileReference; lastKnownFileType = sourcecode.swift; path = RestaurentModel.swift; sourceTree = "<group>"; };
		ED75AA08240D313B00EC580A /* PlaceOrderDetailsViewController.swift */ = {isa = PBXFileReference; lastKnownFileType = sourcecode.swift; path = PlaceOrderDetailsViewController.swift; sourceTree = "<group>"; };
		ED75BB30240927E70095A0B9 /* AddToCartDetailsTableViewCell.swift */ = {isa = PBXFileReference; lastKnownFileType = sourcecode.swift; path = AddToCartDetailsTableViewCell.swift; sourceTree = "<group>"; };
		ED75BB31240927E70095A0B9 /* AddToCartDetailsTableViewCell.xib */ = {isa = PBXFileReference; lastKnownFileType = file.xib; path = AddToCartDetailsTableViewCell.xib; sourceTree = "<group>"; };
		ED99E4FE2403ADFE00123072 /* ProfileViewController.swift */ = {isa = PBXFileReference; lastKnownFileType = sourcecode.swift; path = ProfileViewController.swift; sourceTree = "<group>"; };
		ED99E5022403DD8D00123072 /* Order.swift */ = {isa = PBXFileReference; lastKnownFileType = sourcecode.swift; path = Order.swift; sourceTree = "<group>"; };
		EDBE926F2403EFF5006AE587 /* libAlamofire.a */ = {isa = PBXFileReference; explicitFileType = archive.ar; path = libAlamofire.a; sourceTree = BUILT_PRODUCTS_DIR; };
		EDBE92702403EFF5006AE587 /* libSwiftyJSON.a */ = {isa = PBXFileReference; explicitFileType = archive.ar; path = libSwiftyJSON.a; sourceTree = BUILT_PRODUCTS_DIR; };
/* End PBXFileReference section */

/* Begin PBXFrameworksBuildPhase section */
		ED0C90C323FBD0E9000FD8E8 /* Frameworks */ = {
			isa = PBXFrameworksBuildPhase;
			buildActionMask = 2147483647;
			files = (
				33AEE3509C4C10CA26F8A791 /* Pods_Zomato.framework in Frameworks */,
			);
			runOnlyForDeploymentPostprocessing = 0;
		};
/* End PBXFrameworksBuildPhase section */

/* Begin PBXGroup section */
		343B81DEB459797BC78B7D67 /* Pods */ = {
			isa = PBXGroup;
			children = (
				7006276492931A96EE857C42 /* Pods-Zomato.debug.xcconfig */,
				02A3EBAA60FEED91BB05D379 /* Pods-Zomato.release.xcconfig */,
			);
			path = Pods;
			sourceTree = "<group>";
		};
		6B4CE169701801B6BB648DD3 /* Frameworks */ = {
			isa = PBXGroup;
			children = (
				EDBE926F2403EFF5006AE587 /* libAlamofire.a */,
				EDBE92702403EFF5006AE587 /* libSwiftyJSON.a */,
				A2D3BA63F622666D8E75024F /* Pods_Zomato.framework */,
			);
			name = Frameworks;
			sourceTree = "<group>";
		};
		ED0C90BD23FBD0E9000FD8E8 = {
			isa = PBXGroup;
			children = (
				ED0C90C823FBD0E9000FD8E8 /* Zomato */,
				ED0C90C723FBD0E9000FD8E8 /* Products */,
				343B81DEB459797BC78B7D67 /* Pods */,
				6B4CE169701801B6BB648DD3 /* Frameworks */,
			);
			sourceTree = "<group>";
		};
		ED0C90C723FBD0E9000FD8E8 /* Products */ = {
			isa = PBXGroup;
			children = (
				ED0C90C623FBD0E9000FD8E8 /* Zomato.app */,
			);
			name = Products;
			sourceTree = "<group>";
		};
		ED0C90C823FBD0E9000FD8E8 /* Zomato */ = {
			isa = PBXGroup;
			children = (
				ED0FD869240D2C3A00240BC6 /* Radio Button Controller */,
				ED2B1AE423FFB1A300F766CD /* View */,
				ED2B1AE323FFB19A00F766CD /* Controller */,
				ED2B1AE223FFB19200F766CD /* Model */,
				ED0C90D723FBD0EB000FD8E8 /* Info.plist */,
			);
			path = Zomato;
			sourceTree = "<group>";
		};
		ED0FD869240D2C3A00240BC6 /* Radio Button Controller */ = {
			isa = PBXGroup;
			children = (
				ED0FD86A240D2C4B00240BC6 /* SSRadioButton.swift */,
				ED0FD86B240D2C4B00240BC6 /* SSRadioButtonsController.swift */,
			);
			path = "Radio Button Controller";
			sourceTree = "<group>";
		};
		ED2B1AE223FFB19200F766CD /* Model */ = {
			isa = PBXGroup;
			children = (
				ED6E20E323FE63CB00CCC881 /* Validation.swift */,
				ED6E20ED23FEB91D00CCC881 /* RestaurentModel.swift */,
				ED99E5022403DD8D00123072 /* Order.swift */,
				ED3A5ABF23FFE4E70038C882 /* RestaurentMenuModel.swift */,
				ED456DAD240791C9006443EE /* Cart.swift */,
				ED456DB02407B1DE006443EE /* Color.swift */,
				ED02816A240E6793009A3985 /* UserOrder.swift */,
			);
			path = Model;
			sourceTree = "<group>";
		};
		ED2B1AE323FFB19A00F766CD /* Controller */ = {
			isa = PBXGroup;
			children = (
				ED456DAF2407A031006443EE /* Cell */,
				ED0C90C923FBD0E9000FD8E8 /* AppDelegate.swift */,
				ED0C90CB23FBD0E9000FD8E8 /* SceneDelegate.swift */,
				ED0C90CD23FBD0E9000FD8E8 /* ViewController.swift */,
				ED6C5ADA23FD4D1200B9BB47 /* SegmentViewController.swift */,
				ED6E20E123FE547D00CCC881 /* RegisterViewController.swift */,
				ED6E20E723FEAF0000CCC881 /* RestaurantViewController.swift */,
				ED2B1AE523FFBCE700F766CD /* RestaurentDetailViewController.swift */,
				ED3A5AC123FFFFD00038C882 /* RestaurentDetailTableViewController.swift */,
				ED99E4FE2403ADFE00123072 /* ProfileViewController.swift */,
				ED3A5ABB23FFE4CB0038C882 /* RestaurentMenuTableViewCell.swift */,
				ED64929D2404EA500061F058 /* ForgotPasswordViewController.swift */,
				ED0FD865240D10AA00240BC6 /* OrderViewController.swift */,
				ED75AA08240D313B00EC580A /* PlaceOrderDetailsViewController.swift */,
			);
			path = Controller;
			sourceTree = "<group>";
		};
		ED2B1AE423FFB1A300F766CD /* View */ = {
			isa = PBXGroup;
			children = (
				ED0C90CF23FBD0E9000FD8E8 /* Main.storyboard */,
				ED6E20EA23FEB0A000CCC881 /* RestaurantTableViewCell.xib */,
				ED0FD862240D0D8A00240BC6 /* OrderTableViewCell.xib */,
				ED0C90D223FBD0EB000FD8E8 /* Assets.xcassets */,
				ED0C90D423FBD0EB000FD8E8 /* LaunchScreen.storyboard */,
				ED3A5ABC23FFE4CB0038C882 /* RestaurentMenuTableViewCell.xib */,
				ED75BB31240927E70095A0B9 /* AddToCartDetailsTableViewCell.xib */,
			);
			path = View;
			sourceTree = "<group>";
		};
		ED456DAF2407A031006443EE /* Cell */ = {
			isa = PBXGroup;
			children = (
				ED6E20E923FEB0A000CCC881 /* RestaurantTableViewCell.swift */,
				ED0FD861240D0D8A00240BC6 /* OrderTableViewCell.swift */,
				ED75BB30240927E70095A0B9 /* AddToCartDetailsTableViewCell.swift */,
			);
			path = Cell;
			sourceTree = "<group>";
		};
/* End PBXGroup section */

/* Begin PBXNativeTarget section */
		ED0C90C523FBD0E9000FD8E8 /* Zomato */ = {
			isa = PBXNativeTarget;
			buildConfigurationList = ED0C90DA23FBD0EB000FD8E8 /* Build configuration list for PBXNativeTarget "Zomato" */;
			buildPhases = (
				15CDC1F19A0CA224B87BD85F /* [CP] Check Pods Manifest.lock */,
				ED0C90C223FBD0E9000FD8E8 /* Sources */,
				ED0C90C323FBD0E9000FD8E8 /* Frameworks */,
				ED0C90C423FBD0E9000FD8E8 /* Resources */,
				2F7D87D77E27378FA51E63B6 /* [CP] Embed Pods Frameworks */,
			);
			buildRules = (
			);
			dependencies = (
			);
			name = Zomato;
			productName = Zomato;
			productReference = ED0C90C623FBD0E9000FD8E8 /* Zomato.app */;
			productType = "com.apple.product-type.application";
		};
/* End PBXNativeTarget section */

/* Begin PBXProject section */
		ED0C90BE23FBD0E9000FD8E8 /* Project object */ = {
			isa = PBXProject;
			attributes = {
				LastSwiftUpdateCheck = 1120;
				LastUpgradeCheck = 1120;
				ORGANIZATIONNAME = "Anuj Doshi";
				TargetAttributes = {
					ED0C90C523FBD0E9000FD8E8 = {
						CreatedOnToolsVersion = 11.2.1;
					};
				};
			};
			buildConfigurationList = ED0C90C123FBD0E9000FD8E8 /* Build configuration list for PBXProject "Zomato" */;
			compatibilityVersion = "Xcode 9.3";
			developmentRegion = en;
			hasScannedForEncodings = 0;
			knownRegions = (
				en,
				Base,
			);
			mainGroup = ED0C90BD23FBD0E9000FD8E8;
			productRefGroup = ED0C90C723FBD0E9000FD8E8 /* Products */;
			projectDirPath = "";
			projectRoot = "";
			targets = (
				ED0C90C523FBD0E9000FD8E8 /* Zomato */,
			);
		};
/* End PBXProject section */

/* Begin PBXResourcesBuildPhase section */
		ED0C90C423FBD0E9000FD8E8 /* Resources */ = {
			isa = PBXResourcesBuildPhase;
			buildActionMask = 2147483647;
			files = (
				ED6E20EC23FEB0A000CCC881 /* RestaurantTableViewCell.xib in Resources */,
				ED3A5ABE23FFE4CB0038C882 /* RestaurentMenuTableViewCell.xib in Resources */,
				ED0C90D623FBD0EB000FD8E8 /* LaunchScreen.storyboard in Resources */,
				ED75BB33240927E70095A0B9 /* AddToCartDetailsTableViewCell.xib in Resources */,
				ED0C90D323FBD0EB000FD8E8 /* Assets.xcassets in Resources */,
				ED0FD864240D0D8A00240BC6 /* OrderTableViewCell.xib in Resources */,
				ED0C90D123FBD0E9000FD8E8 /* Main.storyboard in Resources */,
			);
			runOnlyForDeploymentPostprocessing = 0;
		};
/* End PBXResourcesBuildPhase section */

/* Begin PBXShellScriptBuildPhase section */
		15CDC1F19A0CA224B87BD85F /* [CP] Check Pods Manifest.lock */ = {
			isa = PBXShellScriptBuildPhase;
			buildActionMask = 2147483647;
			files = (
			);
			inputFileListPaths = (
			);
			inputPaths = (
				"${PODS_PODFILE_DIR_PATH}/Podfile.lock",
				"${PODS_ROOT}/Manifest.lock",
			);
			name = "[CP] Check Pods Manifest.lock";
			outputFileListPaths = (
			);
			outputPaths = (
				"$(DERIVED_FILE_DIR)/Pods-Zomato-checkManifestLockResult.txt",
			);
			runOnlyForDeploymentPostprocessing = 0;
			shellPath = /bin/sh;
			shellScript = "diff \"${PODS_PODFILE_DIR_PATH}/Podfile.lock\" \"${PODS_ROOT}/Manifest.lock\" > /dev/null\nif [ $? != 0 ] ; then\n    # print error to STDERR\n    echo \"error: The sandbox is not in sync with the Podfile.lock. Run 'pod install' or update your CocoaPods installation.\" >&2\n    exit 1\nfi\n# This output is used by Xcode 'outputs' to avoid re-running this script phase.\necho \"SUCCESS\" > \"${SCRIPT_OUTPUT_FILE_0}\"\n";
			showEnvVarsInLog = 0;
		};
		2F7D87D77E27378FA51E63B6 /* [CP] Embed Pods Frameworks */ = {
			isa = PBXShellScriptBuildPhase;
			buildActionMask = 2147483647;
			files = (
			);
			inputFileListPaths = (
				"${PODS_ROOT}/Target Support Files/Pods-Zomato/Pods-Zomato-frameworks-${CONFIGURATION}-input-files.xcfilelist",
			);
			name = "[CP] Embed Pods Frameworks";
			outputFileListPaths = (
				"${PODS_ROOT}/Target Support Files/Pods-Zomato/Pods-Zomato-frameworks-${CONFIGURATION}-output-files.xcfilelist",
			);
			runOnlyForDeploymentPostprocessing = 0;
			shellPath = /bin/sh;
			shellScript = "\"${PODS_ROOT}/Target Support Files/Pods-Zomato/Pods-Zomato-frameworks.sh\"\n";
			showEnvVarsInLog = 0;
		};
/* End PBXShellScriptBuildPhase section */

/* Begin PBXSourcesBuildPhase section */
		ED0C90C223FBD0E9000FD8E8 /* Sources */ = {
			isa = PBXSourcesBuildPhase;
			buildActionMask = 2147483647;
			files = (
				ED64929E2404EA500061F058 /* ForgotPasswordViewController.swift in Sources */,
				ED6C5ADB23FD4D1200B9BB47 /* SegmentViewController.swift in Sources */,
				ED0FD86D240D2C4B00240BC6 /* SSRadioButtonsController.swift in Sources */,
				ED3A5ABD23FFE4CB0038C882 /* RestaurentMenuTableViewCell.swift in Sources */,
				ED6E20E823FEAF0000CCC881 /* RestaurantViewController.swift in Sources */,
				ED6E20E223FE547D00CCC881 /* RegisterViewController.swift in Sources */,
				ED0FD86C240D2C4B00240BC6 /* SSRadioButton.swift in Sources */,
				ED99E4FF2403ADFE00123072 /* ProfileViewController.swift in Sources */,
				ED0FD863240D0D8A00240BC6 /* OrderTableViewCell.swift in Sources */,
				ED75BB32240927E70095A0B9 /* AddToCartDetailsTableViewCell.swift in Sources */,
				ED0C90CE23FBD0E9000FD8E8 /* ViewController.swift in Sources */,
				ED3A5AC223FFFFD00038C882 /* RestaurentDetailTableViewController.swift in Sources */,
				ED2B1AE623FFBCE700F766CD /* RestaurentDetailViewController.swift in Sources */,
				ED6E20EB23FEB0A000CCC881 /* RestaurantTableViewCell.swift in Sources */,
				ED3A5AC023FFE4E70038C882 /* RestaurentMenuModel.swift in Sources */,
				ED0C90CA23FBD0E9000FD8E8 /* AppDelegate.swift in Sources */,
				ED456DAE240791C9006443EE /* Cart.swift in Sources */,
				ED6E20E423FE63CB00CCC881 /* Validation.swift in Sources */,
				ED99E5032403DD8D00123072 /* Order.swift in Sources */,
				ED0FD866240D10AA00240BC6 /* OrderViewController.swift in Sources */,
				ED6E20EE23FEB91D00CCC881 /* RestaurentModel.swift in Sources */,
				ED0C90CC23FBD0E9000FD8E8 /* SceneDelegate.swift in Sources */,
				ED75AA09240D313B00EC580A /* PlaceOrderDetailsViewController.swift in Sources */,
				ED456DB12407B1DE006443EE /* Color.swift in Sources */,
				ED02816B240E6793009A3985 /* UserOrder.swift in Sources */,
			);
			runOnlyForDeploymentPostprocessing = 0;
		};
/* End PBXSourcesBuildPhase section */

/* Begin PBXVariantGroup section */
		ED0C90CF23FBD0E9000FD8E8 /* Main.storyboard */ = {
			isa = PBXVariantGroup;
			children = (
				ED0C90D023FBD0E9000FD8E8 /* Base */,
			);
			name = Main.storyboard;
			sourceTree = "<group>";
		};
		ED0C90D423FBD0EB000FD8E8 /* LaunchScreen.storyboard */ = {
			isa = PBXVariantGroup;
			children = (
				ED0C90D523FBD0EB000FD8E8 /* Base */,
			);
			name = LaunchScreen.storyboard;
			sourceTree = "<group>";
		};
/* End PBXVariantGroup section */

/* Begin XCBuildConfiguration section */
		ED0C90D823FBD0EB000FD8E8 /* Debug */ = {
			isa = XCBuildConfiguration;
			buildSettings = {
				ALWAYS_SEARCH_USER_PATHS = NO;
				CLANG_ANALYZER_NONNULL = YES;
				CLANG_ANALYZER_NUMBER_OBJECT_CONVERSION = YES_AGGRESSIVE;
				CLANG_CXX_LANGUAGE_STANDARD = "gnu++14";
				CLANG_CXX_LIBRARY = "libc++";
				CLANG_ENABLE_MODULES = YES;
				CLANG_ENABLE_OBJC_ARC = YES;
				CLANG_ENABLE_OBJC_WEAK = YES;
				CLANG_WARN_BLOCK_CAPTURE_AUTORELEASING = YES;
				CLANG_WARN_BOOL_CONVERSION = YES;
				CLANG_WARN_COMMA = YES;
				CLANG_WARN_CONSTANT_CONVERSION = YES;
				CLANG_WARN_DEPRECATED_OBJC_IMPLEMENTATIONS = YES;
				CLANG_WARN_DIRECT_OBJC_ISA_USAGE = YES_ERROR;
				CLANG_WARN_DOCUMENTATION_COMMENTS = YES;
				CLANG_WARN_EMPTY_BODY = YES;
				CLANG_WARN_ENUM_CONVERSION = YES;
				CLANG_WARN_INFINITE_RECURSION = YES;
				CLANG_WARN_INT_CONVERSION = YES;
				CLANG_WARN_NON_LITERAL_NULL_CONVERSION = YES;
				CLANG_WARN_OBJC_IMPLICIT_RETAIN_SELF = YES;
				CLANG_WARN_OBJC_LITERAL_CONVERSION = YES;
				CLANG_WARN_OBJC_ROOT_CLASS = YES_ERROR;
				CLANG_WARN_RANGE_LOOP_ANALYSIS = YES;
				CLANG_WARN_STRICT_PROTOTYPES = YES;
				CLANG_WARN_SUSPICIOUS_MOVE = YES;
				CLANG_WARN_UNGUARDED_AVAILABILITY = YES_AGGRESSIVE;
				CLANG_WARN_UNREACHABLE_CODE = YES;
				CLANG_WARN__DUPLICATE_METHOD_MATCH = YES;
				COPY_PHASE_STRIP = NO;
				DEBUG_INFORMATION_FORMAT = dwarf;
				ENABLE_STRICT_OBJC_MSGSEND = YES;
				ENABLE_TESTABILITY = YES;
				GCC_C_LANGUAGE_STANDARD = gnu11;
				GCC_DYNAMIC_NO_PIC = NO;
				GCC_NO_COMMON_BLOCKS = YES;
				GCC_OPTIMIZATION_LEVEL = 0;
				GCC_PREPROCESSOR_DEFINITIONS = (
					"DEBUG=1",
					"$(inherited)",
				);
				GCC_WARN_64_TO_32_BIT_CONVERSION = YES;
				GCC_WARN_ABOUT_RETURN_TYPE = YES_ERROR;
				GCC_WARN_UNDECLARED_SELECTOR = YES;
				GCC_WARN_UNINITIALIZED_AUTOS = YES_AGGRESSIVE;
				GCC_WARN_UNUSED_FUNCTION = YES;
				GCC_WARN_UNUSED_VARIABLE = YES;
				IPHONEOS_DEPLOYMENT_TARGET = 13.2;
				MTL_ENABLE_DEBUG_INFO = INCLUDE_SOURCE;
				MTL_FAST_MATH = YES;
				ONLY_ACTIVE_ARCH = YES;
				SDKROOT = iphoneos;
				SWIFT_ACTIVE_COMPILATION_CONDITIONS = DEBUG;
				SWIFT_OPTIMIZATION_LEVEL = "-Onone";
			};
			name = Debug;
		};
		ED0C90D923FBD0EB000FD8E8 /* Release */ = {
			isa = XCBuildConfiguration;
			buildSettings = {
				ALWAYS_SEARCH_USER_PATHS = NO;
				CLANG_ANALYZER_NONNULL = YES;
				CLANG_ANALYZER_NUMBER_OBJECT_CONVERSION = YES_AGGRESSIVE;
				CLANG_CXX_LANGUAGE_STANDARD = "gnu++14";
				CLANG_CXX_LIBRARY = "libc++";
				CLANG_ENABLE_MODULES = YES;
				CLANG_ENABLE_OBJC_ARC = YES;
				CLANG_ENABLE_OBJC_WEAK = YES;
				CLANG_WARN_BLOCK_CAPTURE_AUTORELEASING = YES;
				CLANG_WARN_BOOL_CONVERSION = YES;
				CLANG_WARN_COMMA = YES;
				CLANG_WARN_CONSTANT_CONVERSION = YES;
				CLANG_WARN_DEPRECATED_OBJC_IMPLEMENTATIONS = YES;
				CLANG_WARN_DIRECT_OBJC_ISA_USAGE = YES_ERROR;
				CLANG_WARN_DOCUMENTATION_COMMENTS = YES;
				CLANG_WARN_EMPTY_BODY = YES;
				CLANG_WARN_ENUM_CONVERSION = YES;
				CLANG_WARN_INFINITE_RECURSION = YES;
				CLANG_WARN_INT_CONVERSION = YES;
				CLANG_WARN_NON_LITERAL_NULL_CONVERSION = YES;
				CLANG_WARN_OBJC_IMPLICIT_RETAIN_SELF = YES;
				CLANG_WARN_OBJC_LITERAL_CONVERSION = YES;
				CLANG_WARN_OBJC_ROOT_CLASS = YES_ERROR;
				CLANG_WARN_RANGE_LOOP_ANALYSIS = YES;
				CLANG_WARN_STRICT_PROTOTYPES = YES;
				CLANG_WARN_SUSPICIOUS_MOVE = YES;
				CLANG_WARN_UNGUARDED_AVAILABILITY = YES_AGGRESSIVE;
				CLANG_WARN_UNREACHABLE_CODE = YES;
				CLANG_WARN__DUPLICATE_METHOD_MATCH = YES;
				COPY_PHASE_STRIP = NO;
				DEBUG_INFORMATION_FORMAT = "dwarf-with-dsym";
				ENABLE_NS_ASSERTIONS = NO;
				ENABLE_STRICT_OBJC_MSGSEND = YES;
				GCC_C_LANGUAGE_STANDARD = gnu11;
				GCC_NO_COMMON_BLOCKS = YES;
				GCC_WARN_64_TO_32_BIT_CONVERSION = YES;
				GCC_WARN_ABOUT_RETURN_TYPE = YES_ERROR;
				GCC_WARN_UNDECLARED_SELECTOR = YES;
				GCC_WARN_UNINITIALIZED_AUTOS = YES_AGGRESSIVE;
				GCC_WARN_UNUSED_FUNCTION = YES;
				GCC_WARN_UNUSED_VARIABLE = YES;
				IPHONEOS_DEPLOYMENT_TARGET = 13.2;
				MTL_ENABLE_DEBUG_INFO = NO;
				MTL_FAST_MATH = YES;
				SDKROOT = iphoneos;
				SWIFT_COMPILATION_MODE = wholemodule;
				SWIFT_OPTIMIZATION_LEVEL = "-O";
				VALIDATE_PRODUCT = YES;
			};
			name = Release;
		};
		ED0C90DB23FBD0EB000FD8E8 /* Debug */ = {
			isa = XCBuildConfiguration;
			baseConfigurationReference = 7006276492931A96EE857C42 /* Pods-Zomato.debug.xcconfig */;
			buildSettings = {
				ASSETCATALOG_COMPILER_APPICON_NAME = AppIcon;
				CODE_SIGN_STYLE = Automatic;
				INFOPLIST_FILE = Zomato/Info.plist;
				LD_RUNPATH_SEARCH_PATHS = (
					"$(inherited)",
					"@executable_path/Frameworks",
				);
				PRODUCT_BUNDLE_IDENTIFIER = com.anuj.Zomato;
				PRODUCT_NAME = "$(TARGET_NAME)";
				SWIFT_VERSION = 5.0;
				TARGETED_DEVICE_FAMILY = 1;
			};
			name = Debug;
		};
		ED0C90DC23FBD0EB000FD8E8 /* Release */ = {
			isa = XCBuildConfiguration;
			baseConfigurationReference = 02A3EBAA60FEED91BB05D379 /* Pods-Zomato.release.xcconfig */;
			buildSettings = {
				ASSETCATALOG_COMPILER_APPICON_NAME = AppIcon;
				CODE_SIGN_STYLE = Automatic;
				INFOPLIST_FILE = Zomato/Info.plist;
				LD_RUNPATH_SEARCH_PATHS = (
					"$(inherited)",
					"@executable_path/Frameworks",
				);
				PRODUCT_BUNDLE_IDENTIFIER = com.anuj.Zomato;
				PRODUCT_NAME = "$(TARGET_NAME)";
				SWIFT_VERSION = 5.0;
				TARGETED_DEVICE_FAMILY = 1;
			};
			name = Release;
		};
/* End XCBuildConfiguration section */

/* Begin XCConfigurationList section */
		ED0C90C123FBD0E9000FD8E8 /* Build configuration list for PBXProject "Zomato" */ = {
			isa = XCConfigurationList;
			buildConfigurations = (
				ED0C90D823FBD0EB000FD8E8 /* Debug */,
				ED0C90D923FBD0EB000FD8E8 /* Release */,
			);
			defaultConfigurationIsVisible = 0;
			defaultConfigurationName = Release;
		};
		ED0C90DA23FBD0EB000FD8E8 /* Build configuration list for PBXNativeTarget "Zomato" */ = {
			isa = XCConfigurationList;
			buildConfigurations = (
				ED0C90DB23FBD0EB000FD8E8 /* Debug */,
				ED0C90DC23FBD0EB000FD8E8 /* Release */,
			);
			defaultConfigurationIsVisible = 0;
			defaultConfigurationName = Release;
		};
/* End XCConfigurationList section */
	};
	rootObject = ED0C90BE23FBD0E9000FD8E8 /* Project object */;
}
